
Microsoft Visual Studio Solution File, Format Version 12.00
# Visual Studio Version 16
VisualStudioVersion = 16.0.31019.35
MinimumVisualStudioVersion = 10.0.40219.1
Project("{FAE04EC0-301F-11D3-BF4B-00C04F79EFBC}") = "FPSTetris", "FPSTetris.csproj", "{BF234961-DC29-43BA-8544-E2E1DCF36EE0}"
EndProject
Global
	GlobalSection(SolutionConfigurationPlatforms) = preSolution
		Debug|Any CPU = Debug|Any CPU
		Release|Any CPU = Release|Any CPU
	EndGlobalSection
	GlobalSection(ProjectConfigurationPlatforms) = postSolution
		{BF234961-DC29-43BA-8544-E2E1DCF36EE0}.Debug|Any CPU.ActiveCfg = Debug|Any CPU
		{BF234961-DC29-43BA-8544-E2E1DCF36EE0}.Debug|Any CPU.Build.0 = Debug|Any CPU
		{BF234961-DC29-43BA-8544-E2E1DCF36EE0}.Release|Any CPU.ActiveCfg = Release|Any CPU
		{BF234961-DC29-43BA-8544-E2E1DCF36EE0}.Release|Any CPU.Build.0 = Release|Any CPU
	EndGlobalSection
	GlobalSection(SolutionProperties) = preSolution
		HideSolutionNode = FALSE
	EndGlobalSection
	GlobalSection(ExtensibilityGlobals) = postSolution
		SolutionGuid = {34EE7FF5-B3FE-4620-A7C9-204F52DC059D}
	EndGlobalSection
EndGlobal
